{
 "graph_lock": {
  "nodes": {
   "0": {
    "ref": "qss-compiler/None",
    "options": "pythonlib=True\nshared=False\nbison:fPIC=True\nbzip2:build_executable=True\nbzip2:fPIC=True\nbzip2:shared=False\nclang-tools-extra:fPIC=True\nclang-tools-extra:shared=False\nflex:fPIC=True\nflex:shared=False\ngmp:disable_assembly=True\ngmp:enable_cxx=True\ngmp:run_checks=False\ngmp:shared=True\ngtest:build_gmock=True\ngtest:fPIC=True\ngtest:hide_symbols=False\ngtest:no_main=False\ngtest:shared=False\nlibzip:crypto=openssl\nlibzip:fPIC=True\nlibzip:shared=False\nlibzip:tools=True\nlibzip:with_bzip2=True\nlibzip:with_lzma=True\nlibzip:with_zstd=True\nllvm:components=all\nllvm:exceptions=True\nllvm:expensive_checks=False\nllvm:external_lit=None\nllvm:fPIC=True\nllvm:lto=Off\nllvm:rtti=True\nllvm:shared=False\nllvm:static_stdlib=False\nllvm:targets=X86;PowerPC;AArch64\nllvm:threads=True\nllvm:unwind_tables=True\nllvm:use_perf=False\nllvm:use_sanitizer=None\nllvm:with_ffi=False\nllvm:with_xml2=False\nllvm:with_zlib=True\nmpc:shared=True\nmpfr:exact_int=gmp\nmpfr:shared=True\nopenssl:386=False\nopenssl:enable_weak_ssl_ciphers=False\nopenssl:fPIC=True\nopenssl:no_aria=False\nopenssl:no_asm=False\nopenssl:no_async=False\nopenssl:no_bf=False\nopenssl:no_blake2=False\nopenssl:no_camellia=False\nopenssl:no_cast=False\nopenssl:no_chacha=False\nopenssl:no_cms=False\nopenssl:no_comp=False\nopenssl:no_ct=False\nopenssl:no_deprecated=False\nopenssl:no_des=False\nopenssl:no_dgram=False\nopenssl:no_dh=False\nopenssl:no_dsa=False\nopenssl:no_dso=False\nopenssl:no_ec=False\nopenssl:no_ecdh=False\nopenssl:no_ecdsa=False\nopenssl:no_engine=False\nopenssl:no_filenames=False\nopenssl:no_fips=False\nopenssl:no_gost=False\nopenssl:no_idea=False\nopenssl:no_legacy=False\nopenssl:no_md2=True\nopenssl:no_md4=False\nopenssl:no_mdc2=False\nopenssl:no_module=False\nopenssl:no_ocsp=False\nopenssl:no_pinshared=False\nopenssl:no_rc2=False\nopenssl:no_rc4=False\nopenssl:no_rc5=False\nopenssl:no_rfc3779=False\nopenssl:no_rmd160=False\nopenssl:no_seed=False\nopenssl:no_sm2=False\nopenssl:no_sm3=False\nopenssl:no_sm4=False\nopenssl:no_sock=False\nopenssl:no_srp=False\nopenssl:no_srtp=False\nopenssl:no_sse2=False\nopenssl:no_ssl=False\nopenssl:no_ssl3=False\nopenssl:no_stdio=False\nopenssl:no_threads=False\nopenssl:no_tls1=False\nopenssl:no_ts=False\nopenssl:no_whirlpool=False\nopenssl:no_zlib=False\nopenssl:openssldir=None\nopenssl:shared=False\nqasm:examples=False\nqasm:shared=True\nxz_utils:fPIC=True\nxz_utils:shared=False\nzlib:fPIC=True\nzlib:shared=False\nzstd:build_programs=True\nzstd:fPIC=True\nzstd:shared=False\nzstd:threading=True",
    "requires": [
     "1",
     "2",
     "3",
     "8",
     "9",
     "10",
     "11",
     "12"
    ],
    "build_requires": [
     "19",
     "20"
    ],
    "path": "conanfile.py",
    "context": "host"
   },
   "1": {
    "ref": "gtest/1.11.0#d99d2af6a53ab52d3c2dd88cdbc1e0fd",
    "options": "build_gmock=True\nfPIC=True\nhide_symbols=False\nno_main=False\nshared=False",
    "package_id": "2e0989b314164006a0afad237a653afc8f947c64",
    "prev": "187bbc70e4907a46c3bbbf37b6dbd00d",
    "context": "host"
   },
   "2": {
    "ref": "libzip/1.10.1#502a2dde4cadffadd89a63e9bd824b08",
    "options": "crypto=openssl\nfPIC=True\nshared=False\ntools=True\nwith_bzip2=True\nwith_lzma=True\nwith_zstd=True\nbzip2:build_executable=True\nbzip2:fPIC=True\nbzip2:shared=False\nopenssl:386=False\nopenssl:enable_weak_ssl_ciphers=False\nopenssl:fPIC=True\nopenssl:no_aria=False\nopenssl:no_asm=False\nopenssl:no_async=False\nopenssl:no_bf=False\nopenssl:no_blake2=False\nopenssl:no_camellia=False\nopenssl:no_cast=False\nopenssl:no_chacha=False\nopenssl:no_cms=False\nopenssl:no_comp=False\nopenssl:no_ct=False\nopenssl:no_deprecated=False\nopenssl:no_des=False\nopenssl:no_dgram=False\nopenssl:no_dh=False\nopenssl:no_dsa=False\nopenssl:no_dso=False\nopenssl:no_ec=False\nopenssl:no_ecdh=False\nopenssl:no_ecdsa=False\nopenssl:no_engine=False\nopenssl:no_filenames=False\nopenssl:no_fips=False\nopenssl:no_gost=False\nopenssl:no_idea=False\nopenssl:no_legacy=False\nopenssl:no_md2=True\nopenssl:no_md4=False\nopenssl:no_mdc2=False\nopenssl:no_module=False\nopenssl:no_ocsp=False\nopenssl:no_pinshared=False\nopenssl:no_rc2=False\nopenssl:no_rc4=False\nopenssl:no_rc5=False\nopenssl:no_rfc3779=False\nopenssl:no_rmd160=False\nopenssl:no_seed=False\nopenssl:no_sm2=False\nopenssl:no_sm3=False\nopenssl:no_sm4=False\nopenssl:no_sock=False\nopenssl:no_srp=False\nopenssl:no_srtp=False\nopenssl:no_sse2=False\nopenssl:no_ssl=False\nopenssl:no_ssl3=False\nopenssl:no_stdio=False\nopenssl:no_threads=False\nopenssl:no_tls1=False\nopenssl:no_ts=False\nopenssl:no_whirlpool=False\nopenssl:no_zlib=False\nopenssl:openssldir=None\nopenssl:shared=False\nxz_utils:fPIC=True\nxz_utils:shared=False\nzlib:fPIC=True\nzlib:shared=False\nzstd:build_programs=True\nzstd:fPIC=True\nzstd:shared=False\nzstd:threading=True",
    "package_id": "b35e5ecdf3dbe261c8a36112e7ea50c9faf495ee",
    "prev": "4b0fac835b664b8788ef1460f61cca32",
    "requires": [
     "3",
     "4",
     "5",
     "6",
     "7"
    ],
    "context": "host"
   },
   "3": {
    "ref": "zlib/1.2.13#4e74ebf1361fe6fb60326f473f276eb5",
    "options": "fPIC=True\nshared=False",
    "package_id": "6f12be38b2e454b75ce1f2efb692e5b77c8cdee3",
    "prev": "e32f4c96e3de5b0f84833a88df2e7de7",
    "context": "host"
   },
   "4": {
    "ref": "bzip2/1.0.8#457c272f7da34cb9c67456dd217d36c4",
    "options": "build_executable=True\nfPIC=True\nshared=False",
    "package_id": "e678d526ab22540179f155f996fc23a941dfe05a",
    "prev": "fbdc192fc43ad8695ff8644fd26720f7",
    "context": "host"
   },
   "5": {
    "ref": "xz_utils/5.4.5#a26a2d42ab9c3dabc151bbe1bf898e53",
    "options": "fPIC=True\nshared=False",
    "package_id": "6f12be38b2e454b75ce1f2efb692e5b77c8cdee3",
    "prev": "ade08424eded46294b2cc9c9ea7ff2d6",
    "context": "host"
   },
   "6": {
    "ref": "zstd/1.5.5#b87dc3b185caa4b122979ac4ae8ef7e8",
    "options": "build_programs=True\nfPIC=True\nshared=False\nthreading=True",
    "package_id": "faec8c3f5ea537b9a11cbde29f0b2c693b328d41",
    "prev": "fc9be5743e52f1133dc77a8bcfb2218d",
    "context": "host"
   },
   "7": {
    "ref": "openssl/3.1.0#adb90207a855ebfe1f1caa88b39c4fe0",
    "options": "386=False\nenable_weak_ssl_ciphers=False\nfPIC=True\nno_aria=False\nno_asm=False\nno_async=False\nno_bf=False\nno_blake2=False\nno_camellia=False\nno_cast=False\nno_chacha=False\nno_cms=False\nno_comp=False\nno_ct=False\nno_deprecated=False\nno_des=False\nno_dgram=False\nno_dh=False\nno_dsa=False\nno_dso=False\nno_ec=False\nno_ecdh=False\nno_ecdsa=False\nno_engine=False\nno_filenames=False\nno_fips=False\nno_gost=False\nno_idea=False\nno_legacy=False\nno_md2=True\nno_md4=False\nno_mdc2=False\nno_module=False\nno_ocsp=False\nno_pinshared=False\nno_rc2=False\nno_rc4=False\nno_rc5=False\nno_rfc3779=False\nno_rmd160=False\nno_seed=False\nno_sm2=False\nno_sm3=False\nno_sm4=False\nno_sock=False\nno_srp=False\nno_srtp=False\nno_sse2=False\nno_ssl=False\nno_ssl3=False\nno_stdio=False\nno_threads=False\nno_tls1=False\nno_ts=False\nno_whirlpool=False\nno_zlib=False\nopenssldir=None\nshared=False\nzlib:fPIC=True\nzlib:shared=False",
    "package_id": "8a73dad672d6dfb98774f9915bc06ab2bd085a90",
    "prev": "905e15062d24bfebe37aeaa432e77aaa",
    "requires": [
     "3"
    ],
    "context": "host"
   },
   "8": {
    "ref": "nlohmann_json/3.9.1#795ccc84ba26860aa7d0bd0e9b4aafb0",
    "options": "",
    "package_id": "5ab84d6acfe1f23c4fae0ab88f26e3a396351ac9",
    "prev": "00598e9c44966fb6bbe7ee491e2b4ae9",
    "context": "host"
   },
   "9": {
    "ref": "pybind11/2.10.1#4279c153a522777e9199db37c0ccedf2",
    "options": "",
    "package_id": "5ab84d6acfe1f23c4fae0ab88f26e3a396351ac9",
    "prev": "3cac0d73c5cb20b9cd43ac4b759f8752",
    "context": "host"
   },
   "10": {
    "ref": "clang-tools-extra/14.0.6#2f00b02bee34388b67341737c6e378cb",
    "options": "fPIC=True\nshared=False",
    "package_id": "b94b3e20dcf84d923f5281ae5fda07413382811b",
    "prev": "7f357e0ef3ca64ff94a984fdc44316a7",
    "context": "host"
   },
   "11": {
    "ref": "llvm/14.0.6-2#2e3e7d020bcd306001c4ee07a846de28",
    "options": "components=all\nexceptions=True\nexpensive_checks=False\nexternal_lit=None\nfPIC=True\nlto=Off\nrtti=True\nshared=False\nstatic_stdlib=False\ntargets=X86;PowerPC;AArch64\nthreads=True\nunwind_tables=True\nuse_perf=False\nuse_sanitizer=None\nwith_ffi=False\nwith_xml2=False\nwith_zlib=True\nzlib:fPIC=True\nzlib:shared=False",
    "package_id": "e6c8e4ab1d0d05c55876b96b2fe7941890e7cf88",
    "prev": "0f2f1e21a74f1d3f37a04540539408d9",
    "requires": [
     "3"
    ],
    "context": "host"
   },
   "12": {
    "ref": "qasm/0.2.14@qss/stable#851b393f65444e4d6be930cae08db1e6",
    "options": "examples=False\nshared=True\nbison:fPIC=True\nflex:fPIC=True\nflex:shared=False\ngmp:disable_assembly=True\ngmp:enable_cxx=True\ngmp:run_checks=False\ngmp:shared=True\nmpc:shared=True\nmpfr:exact_int=gmp\nmpfr:shared=True",
    "package_id": "2d563367076c6819862296bac5f3576d6c5b0c1d",
    "prev": "e99750e391d6fc9e6cb073974b4b2d98",
    "requires": [
     "13",
     "14",
     "15",
     "16",
     "18"
    ],
    "context": "host"
   },
   "13": {
    "ref": "gmp/6.2.1#560eab30a8f52beae2cef5ff26cdd61c",
    "options": "disable_assembly=True\nenable_cxx=True\nrun_checks=False\nshared=True",
    "package_id": "25f8261418ab8ee78955db9f8bb0ae52224fe34f",
    "prev": "b134ebc3fdfd6a3c44e68aaaa129279c",
    "context": "host"
   },
   "14": {
    "ref": "mpfr/4.1.0#aeec20cd8be3216f2e392b2ac037c942",
    "options": "exact_int=gmp\nshared=True\ngmp:disable_assembly=True\ngmp:enable_cxx=True\ngmp:run_checks=False\ngmp:shared=True",
    "package_id": "ea30eefad43ad1c77a109ec9f8edcc64fcbf62a5",
    "prev": "e0fb90f9eda67e40fb5e09d2b913ed75",
    "requires": [
     "13"
    ],
    "context": "host"
   },
   "15": {
    "ref": "mpc/1.2.0#3eb7f548f869fd782601e22fcf196a8c",
    "options": "shared=True\ngmp:disable_assembly=True\ngmp:enable_cxx=True\ngmp:run_checks=False\ngmp:shared=True\nmpfr:exact_int=gmp\nmpfr:shared=True",
    "package_id": "5ea6fa268e74fdea4cfcee1403284796a164f88a",
    "prev": "5370effe1ad9568bdf4bb0387bb4ab4e",
    "requires": [
     "13",
     "14"
    ],
    "context": "host"
   },
   "16": {
    "ref": "bison/3.8.2#ed1ba0c42d2ab7ab64fc3a62e9ecc673",
    "options": "fPIC=True",
    "package_id": "f64928b7d16a6272dea208460e11e509fc79caf3",
    "prev": "9c68c202ca0f1b5c5fd0c166aed4c169",
    "requires": [
     "17"
    ],
    "context": "host"
   },
   "17": {
    "ref": "m4/1.4.19#b38ced39a01e31fef5435bc634461fd2",
    "options": "",
    "package_id": "3eb32b976fb0626f3c40a8b87ace72156aa44204",
    "prev": "826fa5e8e0014b9e3edc6cff35a2659d",
    "context": "host"
   },
   "18": {
    "ref": "flex/2.6.4#e35bc44b3fcbcd661e0af0dc5b5b1ad4",
    "options": "fPIC=True\nshared=False",
    "package_id": "f64928b7d16a6272dea208460e11e509fc79caf3",
    "prev": "db4183b76a72bba74f69b31b981f9142",
    "requires": [
     "17"
    ],
    "context": "host"
   },
   "19": {
    "ref": "clang-tools-extra/14.0.6#2f00b02bee34388b67341737c6e378cb",
    "options": "fPIC=True\nshared=False",
    "package_id": "b94b3e20dcf84d923f5281ae5fda07413382811b",
    "prev": "7f357e0ef3ca64ff94a984fdc44316a7",
    "context": "build"
   },
   "20": {
    "ref": "llvm/14.0.6-2#2e3e7d020bcd306001c4ee07a846de28",
    "options": "components=all\nexceptions=True\nexpensive_checks=False\nexternal_lit=None\nfPIC=True\nlto=Off\nrtti=True\nshared=False\nstatic_stdlib=False\ntargets=X86;PowerPC;AArch64;AArch64\nthreads=True\nunwind_tables=True\nuse_perf=False\nuse_sanitizer=None\nwith_ffi=False\nwith_xml2=False\nwith_zlib=True\nzlib:fPIC=True\nzlib:shared=False",
    "package_id": "3e4558f2f938535760451b86441988dc8699ea14",
    "prev": "91113b0260b4252ec8f18656f3fd1a83",
    "requires": [
     "21"
    ],
    "context": "build"
   },
   "21": {
    "ref": "zlib/1.2.13#4e74ebf1361fe6fb60326f473f276eb5",
    "options": "fPIC=True\nshared=False",
    "package_id": "6f12be38b2e454b75ce1f2efb692e5b77c8cdee3",
    "prev": "e32f4c96e3de5b0f84833a88df2e7de7",
    "context": "build"
   }
  },
  "revisions_enabled": true
 },
 "version": "0.4",
 "profile_host": "[settings]\narch=armv8\narch_build=armv8\nbuild_type=Release\ncompiler=apple-clang\ncompiler.libcxx=libc++\ncompiler.version=15\nos=Macos\nos_build=Macos\n[options]\n[build_requires]\n[env]\n",
 "profile_build": "[settings]\narch=armv8\narch_build=armv8\nbuild_type=Release\ncompiler=apple-clang\ncompiler.libcxx=libc++\ncompiler.version=15\nos=Macos\nos_build=Macos\n[options]\n[build_requires]\n[env]\n"
}